
Microsoft Visual Studio Solution File, Format Version 12.00
# Visual Studio 14
VisualStudioVersion = 14.0.24720.0
MinimumVisualStudioVersion = 10.0.40219.1
Project("{FAE04EC0-301F-11D3-BF4B-00C04F79EFBC}") = "SequentialCollections", "Week14A\SequentialCollections.csproj", "{53D796BA-7293-443B-A3D1-91107561235E}"
EndProject
Project("{FAE04EC0-301F-11D3-BF4B-00C04F79EFBC}") = "DictionaryCollections", "DictionaryCollections\DictionaryCollections.csproj", "{E8C14C3E-4E21-4314-BF4C-9DD5A2C9EFED}"
EndProject
Project("{FAE04EC0-301F-11D3-BF4B-00C04F79EFBC}") = "LookupCollections", "LookupCollections\LookupCollections.csproj", "{2134CB1B-F585-42CA-B8B6-F68B49713AC6}"
EndProject
Project("{FAE04EC0-301F-11D3-BF4B-00C04F79EFBC}") = "GenericCollections", "GenericCollections\GenericCollections.csproj", "{A2CF9C42-B0FC-4862-9ED9-FA429D9F98F9}"
EndProject
Project("{FAE04EC0-301F-11D3-BF4B-00C04F79EFBC}") = "SeekAndArchive", "SeekAndArchive\SeekAndArchive.csproj", "{D8F87DB5-5EB4-49C5-9C6D-9C21F39AAD46}"
EndProject
Global
	GlobalSection(SolutionConfigurationPlatforms) = preSolution
		Debug|Any CPU = Debug|Any CPU
		Release|Any CPU = Release|Any CPU
	EndGlobalSection
	GlobalSection(ProjectConfigurationPlatforms) = postSolution
		{53D796BA-7293-443B-A3D1-91107561235E}.Debug|Any CPU.ActiveCfg = Debug|Any CPU
		{53D796BA-7293-443B-A3D1-91107561235E}.Debug|Any CPU.Build.0 = Debug|Any CPU
		{53D796BA-7293-443B-A3D1-91107561235E}.Release|Any CPU.ActiveCfg = Release|Any CPU
		{53D796BA-7293-443B-A3D1-91107561235E}.Release|Any CPU.Build.0 = Release|Any CPU
		{E8C14C3E-4E21-4314-BF4C-9DD5A2C9EFED}.Debug|Any CPU.ActiveCfg = Debug|Any CPU
		{E8C14C3E-4E21-4314-BF4C-9DD5A2C9EFED}.Debug|Any CPU.Build.0 = Debug|Any CPU
		{E8C14C3E-4E21-4314-BF4C-9DD5A2C9EFED}.Release|Any CPU.ActiveCfg = Release|Any CPU
		{E8C14C3E-4E21-4314-BF4C-9DD5A2C9EFED}.Release|Any CPU.Build.0 = Release|Any CPU
		{2134CB1B-F585-42CA-B8B6-F68B49713AC6}.Debug|Any CPU.ActiveCfg = Debug|Any CPU
		{2134CB1B-F585-42CA-B8B6-F68B49713AC6}.Debug|Any CPU.Build.0 = Debug|Any CPU
		{2134CB1B-F585-42CA-B8B6-F68B49713AC6}.Release|Any CPU.ActiveCfg = Release|Any CPU
		{2134CB1B-F585-42CA-B8B6-F68B49713AC6}.Release|Any CPU.Build.0 = Release|Any CPU
		{A2CF9C42-B0FC-4862-9ED9-FA429D9F98F9}.Debug|Any CPU.ActiveCfg = Debug|Any CPU
		{A2CF9C42-B0FC-4862-9ED9-FA429D9F98F9}.Debug|Any CPU.Build.0 = Debug|Any CPU
		{A2CF9C42-B0FC-4862-9ED9-FA429D9F98F9}.Release|Any CPU.ActiveCfg = Release|Any CPU
		{A2CF9C42-B0FC-4862-9ED9-FA429D9F98F9}.Release|Any CPU.Build.0 = Release|Any CPU
		{D8F87DB5-5EB4-49C5-9C6D-9C21F39AAD46}.Debug|Any CPU.ActiveCfg = Debug|Any CPU
		{D8F87DB5-5EB4-49C5-9C6D-9C21F39AAD46}.Debug|Any CPU.Build.0 = Debug|Any CPU
		{D8F87DB5-5EB4-49C5-9C6D-9C21F39AAD46}.Release|Any CPU.ActiveCfg = Release|Any CPU
		{D8F87DB5-5EB4-49C5-9C6D-9C21F39AAD46}.Release|Any CPU.Build.0 = Release|Any CPU
	EndGlobalSection
	GlobalSection(SolutionProperties) = preSolution
		HideSolutionNode = FALSE
	EndGlobalSection
EndGlobal
